
Microsoft Visual Studio Solution File, Format Version 12.00
# Visual Studio 2013
VisualStudioVersion = 12.0.31101.0
MinimumVisualStudioVersion = 10.0.40219.1
Project("{FAE04EC0-301F-11D3-BF4B-00C04F79EFBC}") = "HelloWorld", "HelloWorld\HelloWorld.csproj", "{60D4C140-CD95-4FDB-9CFD-55017F917BCC}"
EndProject
Project("{FAE04EC0-301F-11D3-BF4B-00C04F79EFBC}") = "Task1", "Task1\Task1.csproj", "{6B94F211-F678-4418-934E-E534A1E46A35}"
EndProject
Project("{FAE04EC0-301F-11D3-BF4B-00C04F79EFBC}") = "Task2", "Task2\Task2.csproj", "{58F2C650-287C-4F45-9A9F-8D6387B722F2}"
EndProject
Global
	GlobalSection(SolutionConfigurationPlatforms) = preSolution
		Debug|Any CPU = Debug|Any CPU
		Release|Any CPU = Release|Any CPU
	EndGlobalSection
	GlobalSection(ProjectConfigurationPlatforms) = postSolution
		{60D4C140-CD95-4FDB-9CFD-55017F917BCC}.Debug|Any CPU.ActiveCfg = Debug|Any CPU
		{60D4C140-CD95-4FDB-9CFD-55017F917BCC}.Debug|Any CPU.Build.0 = Debug|Any CPU
		{60D4C140-CD95-4FDB-9CFD-55017F917BCC}.Release|Any CPU.ActiveCfg = Release|Any CPU
		{60D4C140-CD95-4FDB-9CFD-55017F917BCC}.Release|Any CPU.Build.0 = Release|Any CPU
		{6B94F211-F678-4418-934E-E534A1E46A35}.Debug|Any CPU.ActiveCfg = Debug|Any CPU
		{6B94F211-F678-4418-934E-E534A1E46A35}.Debug|Any CPU.Build.0 = Debug|Any CPU
		{6B94F211-F678-4418-934E-E534A1E46A35}.Release|Any CPU.ActiveCfg = Release|Any CPU
		{6B94F211-F678-4418-934E-E534A1E46A35}.Release|Any CPU.Build.0 = Release|Any CPU
		{58F2C650-287C-4F45-9A9F-8D6387B722F2}.Debug|Any CPU.ActiveCfg = Debug|Any CPU
		{58F2C650-287C-4F45-9A9F-8D6387B722F2}.Debug|Any CPU.Build.0 = Debug|Any CPU
		{58F2C650-287C-4F45-9A9F-8D6387B722F2}.Release|Any CPU.ActiveCfg = Release|Any CPU
		{58F2C650-287C-4F45-9A9F-8D6387B722F2}.Release|Any CPU.Build.0 = Release|Any CPU
	EndGlobalSection
	GlobalSection(SolutionProperties) = preSolution
		HideSolutionNode = FALSE
	EndGlobalSection
EndGlobal
